
Microsoft Visual Studio Solution File, Format Version 12.00
# Visual Studio Version 16
VisualStudioVersion = 16.0.30611.23
MinimumVisualStudioVersion = 10.0.40219.1
Project("{FAE04EC0-301F-11D3-BF4B-00C04F79EFBC}") = "jwtPS", "jwtPS\jwtPS.csproj", "{2CC22709-59FF-49E8-9F42-4928DBE6491A}"
EndProject
Global
	GlobalSection(SolutionConfigurationPlatforms) = preSolution
		Debug|Any CPU = Debug|Any CPU
		Release|Any CPU = Release|Any CPU
	EndGlobalSection
	GlobalSection(ProjectConfigurationPlatforms) = postSolution
		{2CC22709-59FF-49E8-9F42-4928DBE6491A}.Debug|Any CPU.ActiveCfg = Debug|Any CPU
		{2CC22709-59FF-49E8-9F42-4928DBE6491A}.Debug|Any CPU.Build.0 = Debug|Any CPU
		{2CC22709-59FF-49E8-9F42-4928DBE6491A}.Release|Any CPU.ActiveCfg = Release|Any CPU
		{2CC22709-59FF-49E8-9F42-4928DBE6491A}.Release|Any CPU.Build.0 = Release|Any CPU
	EndGlobalSection
	GlobalSection(SolutionProperties) = preSolution
		HideSolutionNode = FALSE
	EndGlobalSection
	GlobalSection(ExtensibilityGlobals) = postSolution
		SolutionGuid = {0DE0ADE2-F7A0-48C7-AA91-36E2ABA94523}
	EndGlobalSection
EndGlobal
